// !$*UTF8*$!
{
	archiveVersion = 1;
	classes = {
	};
	objectVersion = 56;
	objects = {

/* Begin PBXBuildFile section */
		8DCD94042D30DB06005A0017 /* LearnBasicsApp.swift in Sources */ = {isa = PBXBuildFile; fileRef = 8DCD94032D30DB06005A0017 /* LearnBasicsApp.swift */; };
		8DCD94062D30DB06005A0017 /* ContentView.swift in Sources */ = {isa = PBXBuildFile; fileRef = 8DCD94052D30DB06005A0017 /* ContentView.swift */; };
		8DCD94082D30DB07005A0017 /* Assets.xcassets in Resources */ = {isa = PBXBuildFile; fileRef = 8DCD94072D30DB07005A0017 /* Assets.xcassets */; };
		8DCD940B2D30DB07005A0017 /* Preview Assets.xcassets in Resources */ = {isa = PBXBuildFile; fileRef = 8DCD940A2D30DB07005A0017 /* Preview Assets.xcassets */; };
		8DCD94122D30DB22005A0017 /* LearnClosure.swift in Sources */ = {isa = PBXBuildFile; fileRef = 8DCD94112D30DB22005A0017 /* LearnClosure.swift */; };
		8DCD94142D30E60B005A0017 /* LongPressGestureLern.swift in Sources */ = {isa = PBXBuildFile; fileRef = 8DCD94132D30E60B005A0017 /* LongPressGestureLern.swift */; };
		8DCD94162D310EA4005A0017 /* MagnificationGestureLern.swift in Sources */ = {isa = PBXBuildFile; fileRef = 8DCD94152D310EA4005A0017 /* MagnificationGestureLern.swift */; };
		8DCD94182D323E10005A0017 /* RotationGestureLern.swift in Sources */ = {isa = PBXBuildFile; fileRef = 8DCD94172D323E10005A0017 /* RotationGestureLern.swift */; };
		8DCD941A2D3247A9005A0017 /* DreagGestureLern.swift in Sources */ = {isa = PBXBuildFile; fileRef = 8DCD94192D3247A9005A0017 /* DreagGestureLern.swift */; };
		8DCD941C2D38E8E5005A0017 /* DragGestureLernAdvancd.swift in Sources */ = {isa = PBXBuildFile; fileRef = 8DCD941B2D38E8E5005A0017 /* DragGestureLernAdvancd.swift */; };
		8DCD94202D3ECDAE005A0017 /* ScrollViewLern.swift in Sources */ = {isa = PBXBuildFile; fileRef = 8DCD941F2D3ECDAE005A0017 /* ScrollViewLern.swift */; };
		8DCD94222D40B5CA005A0017 /* GeometryLern.swift in Sources */ = {isa = PBXBuildFile; fileRef = 8DCD94212D40B5CA005A0017 /* GeometryLern.swift */; };
		8DCD94242D421E42005A0017 /* GeometryInAdvancedLern.swift in Sources */ = {isa = PBXBuildFile; fileRef = 8DCD94232D421E42005A0017 /* GeometryInAdvancedLern.swift */; };
		8DCD94282D474B67005A0017 /* SheetsLearn.swift in Sources */ = {isa = PBXBuildFile; fileRef = 8DCD94272D474B67005A0017 /* SheetsLearn.swift */; };
		8DCD942A2D48A096005A0017 /* MaskTutorial.swift in Sources */ = {isa = PBXBuildFile; fileRef = 8DCD94292D48A096005A0017 /* MaskTutorial.swift */; };
/* End PBXBuildFile section */

/* Begin PBXFileReference section */
		8DCD94002D30DB06005A0017 /* LearnBasics.app */ = {isa = PBXFileReference; explicitFileType = wrapper.application; includeInIndex = 0; path = LearnBasics.app; sourceTree = BUILT_PRODUCTS_DIR; };
		8DCD94032D30DB06005A0017 /* LearnBasicsApp.swift */ = {isa = PBXFileReference; lastKnownFileType = sourcecode.swift; path = LearnBasicsApp.swift; sourceTree = "<group>"; };
		8DCD94052D30DB06005A0017 /* ContentView.swift */ = {isa = PBXFileReference; lastKnownFileType = sourcecode.swift; path = ContentView.swift; sourceTree = "<group>"; };
		8DCD94072D30DB07005A0017 /* Assets.xcassets */ = {isa = PBXFileReference; lastKnownFileType = folder.assetcatalog; path = Assets.xcassets; sourceTree = "<group>"; };
		8DCD940A2D30DB07005A0017 /* Preview Assets.xcassets */ = {isa = PBXFileReference; lastKnownFileType = folder.assetcatalog; path = "Preview Assets.xcassets"; sourceTree = "<group>"; };
		8DCD94112D30DB22005A0017 /* LearnClosure.swift */ = {isa = PBXFileReference; lastKnownFileType = sourcecode.swift; path = LearnClosure.swift; sourceTree = "<group>"; };
		8DCD94132D30E60B005A0017 /* LongPressGestureLern.swift */ = {isa = PBXFileReference; lastKnownFileType = sourcecode.swift; path = LongPressGestureLern.swift; sourceTree = "<group>"; };
		8DCD94152D310EA4005A0017 /* MagnificationGestureLern.swift */ = {isa = PBXFileReference; lastKnownFileType = sourcecode.swift; path = MagnificationGestureLern.swift; sourceTree = "<group>"; };
		8DCD94172D323E10005A0017 /* RotationGestureLern.swift */ = {isa = PBXFileReference; lastKnownFileType = sourcecode.swift; path = RotationGestureLern.swift; sourceTree = "<group>"; };
		8DCD94192D3247A9005A0017 /* DreagGestureLern.swift */ = {isa = PBXFileReference; lastKnownFileType = sourcecode.swift; path = DreagGestureLern.swift; sourceTree = "<group>"; };
		8DCD941B2D38E8E5005A0017 /* DragGestureLernAdvancd.swift */ = {isa = PBXFileReference; lastKnownFileType = sourcecode.swift; path = DragGestureLernAdvancd.swift; sourceTree = "<group>"; };
		8DCD941F2D3ECDAE005A0017 /* ScrollViewLern.swift */ = {isa = PBXFileReference; lastKnownFileType = sourcecode.swift; path = ScrollViewLern.swift; sourceTree = "<group>"; };
		8DCD94212D40B5CA005A0017 /* GeometryLern.swift */ = {isa = PBXFileReference; lastKnownFileType = sourcecode.swift; path = GeometryLern.swift; sourceTree = "<group>"; };
		8DCD94232D421E42005A0017 /* GeometryInAdvancedLern.swift */ = {isa = PBXFileReference; lastKnownFileType = sourcecode.swift; path = GeometryInAdvancedLern.swift; sourceTree = "<group>"; };
		8DCD94272D474B67005A0017 /* SheetsLearn.swift */ = {isa = PBXFileReference; lastKnownFileType = sourcecode.swift; path = SheetsLearn.swift; sourceTree = "<group>"; };
		8DCD94292D48A096005A0017 /* MaskTutorial.swift */ = {isa = PBXFileReference; lastKnownFileType = sourcecode.swift; path = MaskTutorial.swift; sourceTree = "<group>"; };
/* End PBXFileReference section */

/* Begin PBXFrameworksBuildPhase section */
		8DCD93FD2D30DB06005A0017 /* Frameworks */ = {
			isa = PBXFrameworksBuildPhase;
			buildActionMask = 2147483647;
			files = (
			);
			runOnlyForDeploymentPostprocessing = 0;
		};
/* End PBXFrameworksBuildPhase section */

/* Begin PBXGroup section */
		8DCD93F72D30DB06005A0017 = {
			isa = PBXGroup;
			children = (
				8DCD94022D30DB06005A0017 /* LearnBasics */,
				8DCD94012D30DB06005A0017 /* Products */,
			);
			sourceTree = "<group>";
		};
		8DCD94012D30DB06005A0017 /* Products */ = {
			isa = PBXGroup;
			children = (
				8DCD94002D30DB06005A0017 /* LearnBasics.app */,
			);
			name = Products;
			sourceTree = "<group>";
		};
		8DCD94022D30DB06005A0017 /* LearnBasics */ = {
			isa = PBXGroup;
			children = (
				8DCD94032D30DB06005A0017 /* LearnBasicsApp.swift */,
				8DCD94052D30DB06005A0017 /* ContentView.swift */,
				8DCD94132D30E60B005A0017 /* LongPressGestureLern.swift */,
				8DCD94152D310EA4005A0017 /* MagnificationGestureLern.swift */,
				8DCD94172D323E10005A0017 /* RotationGestureLern.swift */,
				8DCD94192D3247A9005A0017 /* DreagGestureLern.swift */,
				8DCD941B2D38E8E5005A0017 /* DragGestureLernAdvancd.swift */,
				8DCD941F2D3ECDAE005A0017 /* ScrollViewLern.swift */,
				8DCD94212D40B5CA005A0017 /* GeometryLern.swift */,
				8DCD94232D421E42005A0017 /* GeometryInAdvancedLern.swift */,
				8DCD94272D474B67005A0017 /* SheetsLearn.swift */,
				8DCD94292D48A096005A0017 /* MaskTutorial.swift */,
				8DCD94112D30DB22005A0017 /* LearnClosure.swift */,
				8DCD94072D30DB07005A0017 /* Assets.xcassets */,
				8DCD94092D30DB07005A0017 /* Preview Content */,
			);
			path = LearnBasics;
			sourceTree = "<group>";
		};
		8DCD94092D30DB07005A0017 /* Preview Content */ = {
			isa = PBXGroup;
			children = (
				8DCD940A2D30DB07005A0017 /* Preview Assets.xcassets */,
			);
			path = "Preview Content";
			sourceTree = "<group>";
		};
/* End PBXGroup section */

/* Begin PBXNativeTarget section */
		8DCD93FF2D30DB06005A0017 /* LearnBasics */ = {
			isa = PBXNativeTarget;
			buildConfigurationList = 8DCD940E2D30DB07005A0017 /* Build configuration list for PBXNativeTarget "LearnBasics" */;
			buildPhases = (
				8DCD93FC2D30DB06005A0017 /* Sources */,
				8DCD93FD2D30DB06005A0017 /* Frameworks */,
				8DCD93FE2D30DB06005A0017 /* Resources */,
			);
			buildRules = (
			);
			dependencies = (
			);
			name = LearnBasics;
			productName = LearnBasics;
			productReference = 8DCD94002D30DB06005A0017 /* LearnBasics.app */;
			productType = "com.apple.product-type.application";
		};
/* End PBXNativeTarget section */

/* Begin PBXProject section */
		8DCD93F82D30DB06005A0017 /* Project object */ = {
			isa = PBXProject;
			attributes = {
				BuildIndependentTargetsInParallel = 1;
				LastSwiftUpdateCheck = 1540;
				LastUpgradeCheck = 1540;
				TargetAttributes = {
					8DCD93FF2D30DB06005A0017 = {
						CreatedOnToolsVersion = 15.4;
					};
				};
			};
			buildConfigurationList = 8DCD93FB2D30DB06005A0017 /* Build configuration list for PBXProject "LearnBasics" */;
			compatibilityVersion = "Xcode 14.0";
			developmentRegion = en;
			hasScannedForEncodings = 0;
			knownRegions = (
				en,
				Base,
			);
			mainGroup = 8DCD93F72D30DB06005A0017;
			productRefGroup = 8DCD94012D30DB06005A0017 /* Products */;
			projectDirPath = "";
			projectRoot = "";
			targets = (
				8DCD93FF2D30DB06005A0017 /* LearnBasics */,
			);
		};
/* End PBXProject section */

/* Begin PBXResourcesBuildPhase section */
		8DCD93FE2D30DB06005A0017 /* Resources */ = {
			isa = PBXResourcesBuildPhase;
			buildActionMask = 2147483647;
			files = (
				8DCD940B2D30DB07005A0017 /* Preview Assets.xcassets in Resources */,
				8DCD94082D30DB07005A0017 /* Assets.xcassets in Resources */,
			);
			runOnlyForDeploymentPostprocessing = 0;
		};
/* End PBXResourcesBuildPhase section */

/* Begin PBXSourcesBuildPhase section */
		8DCD93FC2D30DB06005A0017 /* Sources */ = {
			isa = PBXSourcesBuildPhase;
			buildActionMask = 2147483647;
			files = (
				8DCD942A2D48A096005A0017 /* MaskTutorial.swift in Sources */,
				8DCD94142D30E60B005A0017 /* LongPressGestureLern.swift in Sources */,
				8DCD941A2D3247A9005A0017 /* DreagGestureLern.swift in Sources */,
				8DCD94062D30DB06005A0017 /* ContentView.swift in Sources */,
				8DCD94182D323E10005A0017 /* RotationGestureLern.swift in Sources */,
				8DCD94222D40B5CA005A0017 /* GeometryLern.swift in Sources */,
				8DCD94122D30DB22005A0017 /* LearnClosure.swift in Sources */,
				8DCD94042D30DB06005A0017 /* LearnBasicsApp.swift in Sources */,
				8DCD941C2D38E8E5005A0017 /* DragGestureLernAdvancd.swift in Sources */,
				8DCD94162D310EA4005A0017 /* MagnificationGestureLern.swift in Sources */,
				8DCD94202D3ECDAE005A0017 /* ScrollViewLern.swift in Sources */,
				8DCD94282D474B67005A0017 /* SheetsLearn.swift in Sources */,
				8DCD94242D421E42005A0017 /* GeometryInAdvancedLern.swift in Sources */,
			);
			runOnlyForDeploymentPostprocessing = 0;
		};
/* End PBXSourcesBuildPhase section */

/* Begin XCBuildConfiguration section */
		8DCD940C2D30DB07005A0017 /* Debug */ = {
			isa = XCBuildConfiguration;
			buildSettings = {
				ALWAYS_SEARCH_USER_PATHS = NO;
				ASSETCATALOG_COMPILER_GENERATE_SWIFT_ASSET_SYMBOL_EXTENSIONS = YES;
				CLANG_ANALYZER_NONNULL = YES;
				CLANG_ANALYZER_NUMBER_OBJECT_CONVERSION = YES_AGGRESSIVE;
				CLANG_CXX_LANGUAGE_STANDARD = "gnu++20";
				CLANG_ENABLE_MODULES = YES;
				CLANG_ENABLE_OBJC_ARC = YES;
				CLANG_ENABLE_OBJC_WEAK = YES;
				CLANG_WARN_BLOCK_CAPTURE_AUTORELEASING = YES;
				CLANG_WARN_BOOL_CONVERSION = YES;
				CLANG_WARN_COMMA = YES;
				CLANG_WARN_CONSTANT_CONVERSION = YES;
				CLANG_WARN_DEPRECATED_OBJC_IMPLEMENTATIONS = YES;
				CLANG_WARN_DIRECT_OBJC_ISA_USAGE = YES_ERROR;
				CLANG_WARN_DOCUMENTATION_COMMENTS = YES;
				CLANG_WARN_EMPTY_BODY = YES;
				CLANG_WARN_ENUM_CONVERSION = YES;
				CLANG_WARN_INFINITE_RECURSION = YES;
				CLANG_WARN_INT_CONVERSION = YES;
				CLANG_WARN_NON_LITERAL_NULL_CONVERSION = YES;
				CLANG_WARN_OBJC_IMPLICIT_RETAIN_SELF = YES;
				CLANG_WARN_OBJC_LITERAL_CONVERSION = YES;
				CLANG_WARN_OBJC_ROOT_CLASS = YES_ERROR;
				CLANG_WARN_QUOTED_INCLUDE_IN_FRAMEWORK_HEADER = YES;
				CLANG_WARN_RANGE_LOOP_ANALYSIS = YES;
				CLANG_WARN_STRICT_PROTOTYPES = YES;
				CLANG_WARN_SUSPICIOUS_MOVE = YES;
				CLANG_WARN_UNGUARDED_AVAILABILITY = YES_AGGRESSIVE;
				CLANG_WARN_UNREACHABLE_CODE = YES;
				CLANG_WARN__DUPLICATE_METHOD_MATCH = YES;
				COPY_PHASE_STRIP = NO;
				DEBUG_INFORMATION_FORMAT = dwarf;
				ENABLE_STRICT_OBJC_MSGSEND = YES;
				ENABLE_TESTABILITY = YES;
				ENABLE_USER_SCRIPT_SANDBOXING = YES;
				GCC_C_LANGUAGE_STANDARD = gnu17;
				GCC_DYNAMIC_NO_PIC = NO;
				GCC_NO_COMMON_BLOCKS = YES;
				GCC_OPTIMIZATION_LEVEL = 0;
				GCC_PREPROCESSOR_DEFINITIONS = (
					"DEBUG=1",
					"$(inherited)",
				);
				GCC_WARN_64_TO_32_BIT_CONVERSION = YES;
				GCC_WARN_ABOUT_RETURN_TYPE = YES_ERROR;
				GCC_WARN_UNDECLARED_SELECTOR = YES;
				GCC_WARN_UNINITIALIZED_AUTOS = YES_AGGRESSIVE;
				GCC_WARN_UNUSED_FUNCTION = YES;
				GCC_WARN_UNUSED_VARIABLE = YES;
				IPHONEOS_DEPLOYMENT_TARGET = 17.5;
				LOCALIZATION_PREFERS_STRING_CATALOGS = YES;
				MTL_ENABLE_DEBUG_INFO = INCLUDE_SOURCE;
				MTL_FAST_MATH = YES;
				ONLY_ACTIVE_ARCH = YES;
				SDKROOT = iphoneos;
				SWIFT_ACTIVE_COMPILATION_CONDITIONS = "DEBUG $(inherited)";
				SWIFT_OPTIMIZATION_LEVEL = "-Onone";
			};
			name = Debug;
		};
		8DCD940D2D30DB07005A0017 /* Release */ = {
			isa = XCBuildConfiguration;
			buildSettings = {
				ALWAYS_SEARCH_USER_PATHS = NO;
				ASSETCATALOG_COMPILER_GENERATE_SWIFT_ASSET_SYMBOL_EXTENSIONS = YES;
				CLANG_ANALYZER_NONNULL = YES;
				CLANG_ANALYZER_NUMBER_OBJECT_CONVERSION = YES_AGGRESSIVE;
				CLANG_CXX_LANGUAGE_STANDARD = "gnu++20";
				CLANG_ENABLE_MODULES = YES;
				CLANG_ENABLE_OBJC_ARC = YES;
				CLANG_ENABLE_OBJC_WEAK = YES;
				CLANG_WARN_BLOCK_CAPTURE_AUTORELEASING = YES;
				CLANG_WARN_BOOL_CONVERSION = YES;
				CLANG_WARN_COMMA = YES;
				CLANG_WARN_CONSTANT_CONVERSION = YES;
				CLANG_WARN_DEPRECATED_OBJC_IMPLEMENTATIONS = YES;
				CLANG_WARN_DIRECT_OBJC_ISA_USAGE = YES_ERROR;
				CLANG_WARN_DOCUMENTATION_COMMENTS = YES;
				CLANG_WARN_EMPTY_BODY = YES;
				CLANG_WARN_ENUM_CONVERSION = YES;
				CLANG_WARN_INFINITE_RECURSION = YES;
				CLANG_WARN_INT_CONVERSION = YES;
				CLANG_WARN_NON_LITERAL_NULL_CONVERSION = YES;
				CLANG_WARN_OBJC_IMPLICIT_RETAIN_SELF = YES;
				CLANG_WARN_OBJC_LITERAL_CONVERSION = YES;
				CLANG_WARN_OBJC_ROOT_CLASS = YES_ERROR;
				CLANG_WARN_QUOTED_INCLUDE_IN_FRAMEWORK_HEADER = YES;
				CLANG_WARN_RANGE_LOOP_ANALYSIS = YES;
				CLANG_WARN_STRICT_PROTOTYPES = YES;
				CLANG_WARN_SUSPICIOUS_MOVE = YES;
				CLANG_WARN_UNGUARDED_AVAILABILITY = YES_AGGRESSIVE;
				CLANG_WARN_UNREACHABLE_CODE = YES;
				CLANG_WARN__DUPLICATE_METHOD_MATCH = YES;
				COPY_PHASE_STRIP = NO;
				DEBUG_INFORMATION_FORMAT = "dwarf-with-dsym";
				ENABLE_NS_ASSERTIONS = NO;
				ENABLE_STRICT_OBJC_MSGSEND = YES;
				ENABLE_USER_SCRIPT_SANDBOXING = YES;
				GCC_C_LANGUAGE_STANDARD = gnu17;
				GCC_NO_COMMON_BLOCKS = YES;
				GCC_WARN_64_TO_32_BIT_CONVERSION = YES;
				GCC_WARN_ABOUT_RETURN_TYPE = YES_ERROR;
				GCC_WARN_UNDECLARED_SELECTOR = YES;
				GCC_WARN_UNINITIALIZED_AUTOS = YES_AGGRESSIVE;
				GCC_WARN_UNUSED_FUNCTION = YES;
				GCC_WARN_UNUSED_VARIABLE = YES;
				IPHONEOS_DEPLOYMENT_TARGET = 17.5;
				LOCALIZATION_PREFERS_STRING_CATALOGS = YES;
				MTL_ENABLE_DEBUG_INFO = NO;
				MTL_FAST_MATH = YES;
				SDKROOT = iphoneos;
				SWIFT_COMPILATION_MODE = wholemodule;
				VALIDATE_PRODUCT = YES;
			};
			name = Release;
		};
		8DCD940F2D30DB07005A0017 /* Debug */ = {
			isa = XCBuildConfiguration;
			buildSettings = {
				ASSETCATALOG_COMPILER_APPICON_NAME = AppIcon;
				ASSETCATALOG_COMPILER_GLOBAL_ACCENT_COLOR_NAME = AccentColor;
				CODE_SIGN_STYLE = Automatic;
				CURRENT_PROJECT_VERSION = 1;
				DEVELOPMENT_ASSET_PATHS = "\"LearnBasics/Preview Content\"";
				DEVELOPMENT_TEAM = R6G7L23BRG;
				ENABLE_PREVIEWS = YES;
				GENERATE_INFOPLIST_FILE = YES;
				INFOPLIST_KEY_UIApplicationSceneManifest_Generation = YES;
				INFOPLIST_KEY_UIApplicationSupportsIndirectInputEvents = YES;
				INFOPLIST_KEY_UILaunchScreen_Generation = YES;
				INFOPLIST_KEY_UISupportedInterfaceOrientations_iPad = "UIInterfaceOrientationPortrait UIInterfaceOrientationPortraitUpsideDown UIInterfaceOrientationLandscapeLeft UIInterfaceOrientationLandscapeRight";
				INFOPLIST_KEY_UISupportedInterfaceOrientations_iPhone = "UIInterfaceOrientationPortrait UIInterfaceOrientationLandscapeLeft UIInterfaceOrientationLandscapeRight";
				LD_RUNPATH_SEARCH_PATHS = (
					"$(inherited)",
					"@executable_path/Frameworks",
				);
				MARKETING_VERSION = 1.0;
				PRODUCT_BUNDLE_IDENTIFIER = com.AJS.LearnBasics;
				PRODUCT_NAME = "$(TARGET_NAME)";
				SWIFT_EMIT_LOC_STRINGS = YES;
				SWIFT_VERSION = 5.0;
				TARGETED_DEVICE_FAMILY = "1,2";
			};
			name = Debug;
		};
		8DCD94102D30DB07005A0017 /* Release */ = {
			isa = XCBuildConfiguration;
			buildSettings = {
				ASSETCATALOG_COMPILER_APPICON_NAME = AppIcon;
				ASSETCATALOG_COMPILER_GLOBAL_ACCENT_COLOR_NAME = AccentColor;
				CODE_SIGN_STYLE = Automatic;
				CURRENT_PROJECT_VERSION = 1;
				DEVELOPMENT_ASSET_PATHS = "\"LearnBasics/Preview Content\"";
				DEVELOPMENT_TEAM = R6G7L23BRG;
				ENABLE_PREVIEWS = YES;
				GENERATE_INFOPLIST_FILE = YES;
				INFOPLIST_KEY_UIApplicationSceneManifest_Generation = YES;
				INFOPLIST_KEY_UIApplicationSupportsIndirectInputEvents = YES;
				INFOPLIST_KEY_UILaunchScreen_Generation = YES;
				INFOPLIST_KEY_UISupportedInterfaceOrientations_iPad = "UIInterfaceOrientationPortrait UIInterfaceOrientationPortraitUpsideDown UIInterfaceOrientationLandscapeLeft UIInterfaceOrientationLandscapeRight";
				INFOPLIST_KEY_UISupportedInterfaceOrientations_iPhone = "UIInterfaceOrientationPortrait UIInterfaceOrientationLandscapeLeft UIInterfaceOrientationLandscapeRight";
				LD_RUNPATH_SEARCH_PATHS = (
					"$(inherited)",
					"@executable_path/Frameworks",
				);
				MARKETING_VERSION = 1.0;
				PRODUCT_BUNDLE_IDENTIFIER = com.AJS.LearnBasics;
				PRODUCT_NAME = "$(TARGET_NAME)";
				SWIFT_EMIT_LOC_STRINGS = YES;
				SWIFT_VERSION = 5.0;
				TARGETED_DEVICE_FAMILY = "1,2";
			};
			name = Release;
		};
/* End XCBuildConfiguration section */

/* Begin XCConfigurationList section */
		8DCD93FB2D30DB06005A0017 /* Build configuration list for PBXProject "LearnBasics" */ = {
			isa = XCConfigurationList;
			buildConfigurations = (
				8DCD940C2D30DB07005A0017 /* Debug */,
				8DCD940D2D30DB07005A0017 /* Release */,
			);
			defaultConfigurationIsVisible = 0;
			defaultConfigurationName = Release;
		};
		8DCD940E2D30DB07005A0017 /* Build configuration list for PBXNativeTarget "LearnBasics" */ = {
			isa = XCConfigurationList;
			buildConfigurations = (
				8DCD940F2D30DB07005A0017 /* Debug */,
				8DCD94102D30DB07005A0017 /* Release */,
			);
			defaultConfigurationIsVisible = 0;
			defaultConfigurationName = Release;
		};
/* End XCConfigurationList section */
	};
	rootObject = 8DCD93F82D30DB06005A0017 /* Project object */;
}
